
Microsoft Visual Studio Solution File, Format Version 12.00
Project("{FAE04EC0-301F-11D3-BF4B-00C04F79EFBC}") = "hashchain", "hashchain\hashchain.csproj", "{1EDC851F-6C2F-4ECD-AFE4-16A66283D777}"
EndProject
Global
	GlobalSection(SolutionConfigurationPlatforms) = preSolution
		Debug|Any CPU = Debug|Any CPU
		Release|Any CPU = Release|Any CPU
	EndGlobalSection
	GlobalSection(ProjectConfigurationPlatforms) = postSolution
		{1EDC851F-6C2F-4ECD-AFE4-16A66283D777}.Debug|Any CPU.ActiveCfg = Debug|Any CPU
		{1EDC851F-6C2F-4ECD-AFE4-16A66283D777}.Debug|Any CPU.Build.0 = Debug|Any CPU
		{1EDC851F-6C2F-4ECD-AFE4-16A66283D777}.Release|Any CPU.ActiveCfg = Release|Any CPU
		{1EDC851F-6C2F-4ECD-AFE4-16A66283D777}.Release|Any CPU.Build.0 = Release|Any CPU
	EndGlobalSection
EndGlobal
